
Microsoft Visual Studio Solution File, Format Version 12.00
# Visual Studio Version 17
VisualStudioVersion = 17.0.31903.59
MinimumVisualStudioVersion = 10.0.40219.1
Project("{FAE04EC0-301F-11D3-BF4B-00C04F79EFBC}") = "KlaChallenge.Web", "KlaChallenge.Web\KlaChallenge.Web.csproj", "{04D21235-DFBA-4EFF-BE61-A218307B1C49}"
EndProject
Project("{FAE04EC0-301F-11D3-BF4B-00C04F79EFBC}") = "KlaChallenge.UnitTests", "KlaChallenge.UnitTests\KlaChallenge.UnitTests.csproj", "{EEA6103C-2E74-4441-B31B-BE3C57909418}"
EndProject
Project("{FAE04EC0-301F-11D3-BF4B-00C04F79EFBC}") = "KlaChallenge.Converter", "KlaChallenge.Converter\KlaChallenge.Converter.csproj", "{6F5BF84E-8B00-4EA5-8F9F-7C1B6001CB3B}"
EndProject
Project("{FAE04EC0-301F-11D3-BF4B-00C04F79EFBC}") = "KlaChallenge.Gui", "KlaChallenge.Gui\KlaChallenge.Gui.csproj", "{B77FD8E7-88AE-417A-A77A-BE648805EFC9}"
EndProject
Global
	GlobalSection(SolutionConfigurationPlatforms) = preSolution
		Debug|Any CPU = Debug|Any CPU
		Release|Any CPU = Release|Any CPU
	EndGlobalSection
	GlobalSection(SolutionProperties) = preSolution
		HideSolutionNode = FALSE
	EndGlobalSection
	GlobalSection(ProjectConfigurationPlatforms) = postSolution
		{04D21235-DFBA-4EFF-BE61-A218307B1C49}.Debug|Any CPU.ActiveCfg = Debug|Any CPU
		{04D21235-DFBA-4EFF-BE61-A218307B1C49}.Debug|Any CPU.Build.0 = Debug|Any CPU
		{04D21235-DFBA-4EFF-BE61-A218307B1C49}.Release|Any CPU.ActiveCfg = Release|Any CPU
		{04D21235-DFBA-4EFF-BE61-A218307B1C49}.Release|Any CPU.Build.0 = Release|Any CPU
		{EEA6103C-2E74-4441-B31B-BE3C57909418}.Debug|Any CPU.ActiveCfg = Debug|Any CPU
		{EEA6103C-2E74-4441-B31B-BE3C57909418}.Debug|Any CPU.Build.0 = Debug|Any CPU
		{EEA6103C-2E74-4441-B31B-BE3C57909418}.Release|Any CPU.ActiveCfg = Release|Any CPU
		{EEA6103C-2E74-4441-B31B-BE3C57909418}.Release|Any CPU.Build.0 = Release|Any CPU
		{6F5BF84E-8B00-4EA5-8F9F-7C1B6001CB3B}.Debug|Any CPU.ActiveCfg = Debug|Any CPU
		{6F5BF84E-8B00-4EA5-8F9F-7C1B6001CB3B}.Debug|Any CPU.Build.0 = Debug|Any CPU
		{6F5BF84E-8B00-4EA5-8F9F-7C1B6001CB3B}.Release|Any CPU.ActiveCfg = Release|Any CPU
		{6F5BF84E-8B00-4EA5-8F9F-7C1B6001CB3B}.Release|Any CPU.Build.0 = Release|Any CPU
		{B77FD8E7-88AE-417A-A77A-BE648805EFC9}.Debug|Any CPU.ActiveCfg = Debug|Any CPU
		{B77FD8E7-88AE-417A-A77A-BE648805EFC9}.Debug|Any CPU.Build.0 = Debug|Any CPU
		{B77FD8E7-88AE-417A-A77A-BE648805EFC9}.Release|Any CPU.ActiveCfg = Release|Any CPU
		{B77FD8E7-88AE-417A-A77A-BE648805EFC9}.Release|Any CPU.Build.0 = Release|Any CPU
	EndGlobalSection
EndGlobal
